// !$*UTF8*$!
{
	archiveVersion = 1;
	classes = {
	};
	objectVersion = 56;
	objects = {

/* Begin PBXBuildFile section */
		406DEF4D2DA302CD006F76FD /* Desafio05App.swift in Sources */ = {isa = PBXBuildFile; fileRef = 406DEF4C2DA302CD006F76FD /* Desafio05App.swift */; };
		406DEF4F2DA302CD006F76FD /* ContentView.swift in Sources */ = {isa = PBXBuildFile; fileRef = 406DEF4E2DA302CD006F76FD /* ContentView.swift */; };
		406DEF512DA302CF006F76FD /* Assets.xcassets in Resources */ = {isa = PBXBuildFile; fileRef = 406DEF502DA302CF006F76FD /* Assets.xcassets */; };
		406DEF542DA302CF006F76FD /* Preview Assets.xcassets in Resources */ = {isa = PBXBuildFile; fileRef = 406DEF532DA302CF006F76FD /* Preview Assets.xcassets */; };
		406DEF5E2DA302CF006F76FD /* Desafio05Tests.swift in Sources */ = {isa = PBXBuildFile; fileRef = 406DEF5D2DA302CF006F76FD /* Desafio05Tests.swift */; };
		406DEF682DA302CF006F76FD /* Desafio05UITests.swift in Sources */ = {isa = PBXBuildFile; fileRef = 406DEF672DA302CF006F76FD /* Desafio05UITests.swift */; };
		406DEF6A2DA302CF006F76FD /* Desafio05UITestsLaunchTests.swift in Sources */ = {isa = PBXBuildFile; fileRef = 406DEF692DA302CF006F76FD /* Desafio05UITestsLaunchTests.swift */; };
		406DEF772DA30339006F76FD /* rosaView.swift in Sources */ = {isa = PBXBuildFile; fileRef = 406DEF762DA30339006F76FD /* rosaView.swift */; };
		406DEF792DA30595006F76FD /* azulView.swift in Sources */ = {isa = PBXBuildFile; fileRef = 406DEF782DA30595006F76FD /* azulView.swift */; };
		406DEF7B2DA306AD006F76FD /* cinzaView.swift in Sources */ = {isa = PBXBuildFile; fileRef = 406DEF7A2DA306AD006F76FD /* cinzaView.swift */; };
/* End PBXBuildFile section */

/* Begin PBXContainerItemProxy section */
		406DEF5A2DA302CF006F76FD /* PBXContainerItemProxy */ = {
			isa = PBXContainerItemProxy;
			containerPortal = 406DEF412DA302CD006F76FD /* Project object */;
			proxyType = 1;
			remoteGlobalIDString = 406DEF482DA302CD006F76FD;
			remoteInfo = Desafio05;
		};
		406DEF642DA302CF006F76FD /* PBXContainerItemProxy */ = {
			isa = PBXContainerItemProxy;
			containerPortal = 406DEF412DA302CD006F76FD /* Project object */;
			proxyType = 1;
			remoteGlobalIDString = 406DEF482DA302CD006F76FD;
			remoteInfo = Desafio05;
		};
/* End PBXContainerItemProxy section */

/* Begin PBXFileReference section */
		406DEF492DA302CD006F76FD /* Desafio05.app */ = {isa = PBXFileReference; explicitFileType = wrapper.application; includeInIndex = 0; path = Desafio05.app; sourceTree = BUILT_PRODUCTS_DIR; };
		406DEF4C2DA302CD006F76FD /* Desafio05App.swift */ = {isa = PBXFileReference; lastKnownFileType = sourcecode.swift; path = Desafio05App.swift; sourceTree = "<group>"; };
		406DEF4E2DA302CD006F76FD /* ContentView.swift */ = {isa = PBXFileReference; lastKnownFileType = sourcecode.swift; path = ContentView.swift; sourceTree = "<group>"; };
		406DEF502DA302CF006F76FD /* Assets.xcassets */ = {isa = PBXFileReference; lastKnownFileType = folder.assetcatalog; path = Assets.xcassets; sourceTree = "<group>"; };
		406DEF532DA302CF006F76FD /* Preview Assets.xcassets */ = {isa = PBXFileReference; lastKnownFileType = folder.assetcatalog; path = "Preview Assets.xcassets"; sourceTree = "<group>"; };
		406DEF592DA302CF006F76FD /* Desafio05Tests.xctest */ = {isa = PBXFileReference; explicitFileType = wrapper.cfbundle; includeInIndex = 0; path = Desafio05Tests.xctest; sourceTree = BUILT_PRODUCTS_DIR; };
		406DEF5D2DA302CF006F76FD /* Desafio05Tests.swift */ = {isa = PBXFileReference; lastKnownFileType = sourcecode.swift; path = Desafio05Tests.swift; sourceTree = "<group>"; };
		406DEF632DA302CF006F76FD /* Desafio05UITests.xctest */ = {isa = PBXFileReference; explicitFileType = wrapper.cfbundle; includeInIndex = 0; path = Desafio05UITests.xctest; sourceTree = BUILT_PRODUCTS_DIR; };
		406DEF672DA302CF006F76FD /* Desafio05UITests.swift */ = {isa = PBXFileReference; lastKnownFileType = sourcecode.swift; path = Desafio05UITests.swift; sourceTree = "<group>"; };
		406DEF692DA302CF006F76FD /* Desafio05UITestsLaunchTests.swift */ = {isa = PBXFileReference; lastKnownFileType = sourcecode.swift; path = Desafio05UITestsLaunchTests.swift; sourceTree = "<group>"; };
		406DEF762DA30339006F76FD /* rosaView.swift */ = {isa = PBXFileReference; lastKnownFileType = sourcecode.swift; path = rosaView.swift; sourceTree = "<group>"; };
		406DEF782DA30595006F76FD /* azulView.swift */ = {isa = PBXFileReference; lastKnownFileType = sourcecode.swift; path = azulView.swift; sourceTree = "<group>"; };
		406DEF7A2DA306AD006F76FD /* cinzaView.swift */ = {isa = PBXFileReference; lastKnownFileType = sourcecode.swift; path = cinzaView.swift; sourceTree = "<group>"; };
/* End PBXFileReference section */

/* Begin PBXFrameworksBuildPhase section */
		406DEF462DA302CD006F76FD /* Frameworks */ = {
			isa = PBXFrameworksBuildPhase;
			buildActionMask = 2147483647;
			files = (
			);
			runOnlyForDeploymentPostprocessing = 0;
		};
		406DEF562DA302CF006F76FD /* Frameworks */ = {
			isa = PBXFrameworksBuildPhase;
			buildActionMask = 2147483647;
			files = (
			);
			runOnlyForDeploymentPostprocessing = 0;
		};
		406DEF602DA302CF006F76FD /* Frameworks */ = {
			isa = PBXFrameworksBuildPhase;
			buildActionMask = 2147483647;
			files = (
			);
			runOnlyForDeploymentPostprocessing = 0;
		};
/* End PBXFrameworksBuildPhase section */

/* Begin PBXGroup section */
		406DEF402DA302CD006F76FD = {
			isa = PBXGroup;
			children = (
				406DEF4B2DA302CD006F76FD /* Desafio05 */,
				406DEF5C2DA302CF006F76FD /* Desafio05Tests */,
				406DEF662DA302CF006F76FD /* Desafio05UITests */,
				406DEF4A2DA302CD006F76FD /* Products */,
			);
			sourceTree = "<group>";
		};
		406DEF4A2DA302CD006F76FD /* Products */ = {
			isa = PBXGroup;
			children = (
				406DEF492DA302CD006F76FD /* Desafio05.app */,
				406DEF592DA302CF006F76FD /* Desafio05Tests.xctest */,
				406DEF632DA302CF006F76FD /* Desafio05UITests.xctest */,
			);
			name = Products;
			sourceTree = "<group>";
		};
		406DEF4B2DA302CD006F76FD /* Desafio05 */ = {
			isa = PBXGroup;
			children = (
				406DEF4C2DA302CD006F76FD /* Desafio05App.swift */,
				406DEF4E2DA302CD006F76FD /* ContentView.swift */,
				406DEF502DA302CF006F76FD /* Assets.xcassets */,
				406DEF522DA302CF006F76FD /* Preview Content */,
				406DEF762DA30339006F76FD /* rosaView.swift */,
				406DEF782DA30595006F76FD /* azulView.swift */,
				406DEF7A2DA306AD006F76FD /* cinzaView.swift */,
			);
			path = Desafio05;
			sourceTree = "<group>";
		};
		406DEF522DA302CF006F76FD /* Preview Content */ = {
			isa = PBXGroup;
			children = (
				406DEF532DA302CF006F76FD /* Preview Assets.xcassets */,
			);
			path = "Preview Content";
			sourceTree = "<group>";
		};
		406DEF5C2DA302CF006F76FD /* Desafio05Tests */ = {
			isa = PBXGroup;
			children = (
				406DEF5D2DA302CF006F76FD /* Desafio05Tests.swift */,
			);
			path = Desafio05Tests;
			sourceTree = "<group>";
		};
		406DEF662DA302CF006F76FD /* Desafio05UITests */ = {
			isa = PBXGroup;
			children = (
				406DEF672DA302CF006F76FD /* Desafio05UITests.swift */,
				406DEF692DA302CF006F76FD /* Desafio05UITestsLaunchTests.swift */,
			);
			path = Desafio05UITests;
			sourceTree = "<group>";
		};
/* End PBXGroup section */

/* Begin PBXNativeTarget section */
		406DEF482DA302CD006F76FD /* Desafio05 */ = {
			isa = PBXNativeTarget;
			buildConfigurationList = 406DEF6D2DA302CF006F76FD /* Build configuration list for PBXNativeTarget "Desafio05" */;
			buildPhases = (
				406DEF452DA302CD006F76FD /* Sources */,
				406DEF462DA302CD006F76FD /* Frameworks */,
				406DEF472DA302CD006F76FD /* Resources */,
			);
			buildRules = (
			);
			dependencies = (
			);
			name = Desafio05;
			productName = Desafio05;
			productReference = 406DEF492DA302CD006F76FD /* Desafio05.app */;
			productType = "com.apple.product-type.application";
		};
		406DEF582DA302CF006F76FD /* Desafio05Tests */ = {
			isa = PBXNativeTarget;
			buildConfigurationList = 406DEF702DA302CF006F76FD /* Build configuration list for PBXNativeTarget "Desafio05Tests" */;
			buildPhases = (
				406DEF552DA302CF006F76FD /* Sources */,
				406DEF562DA302CF006F76FD /* Frameworks */,
				406DEF572DA302CF006F76FD /* Resources */,
			);
			buildRules = (
			);
			dependencies = (
				406DEF5B2DA302CF006F76FD /* PBXTargetDependency */,
			);
			name = Desafio05Tests;
			productName = Desafio05Tests;
			productReference = 406DEF592DA302CF006F76FD /* Desafio05Tests.xctest */;
			productType = "com.apple.product-type.bundle.unit-test";
		};
		406DEF622DA302CF006F76FD /* Desafio05UITests */ = {
			isa = PBXNativeTarget;
			buildConfigurationList = 406DEF732DA302CF006F76FD /* Build configuration list for PBXNativeTarget "Desafio05UITests" */;
			buildPhases = (
				406DEF5F2DA302CF006F76FD /* Sources */,
				406DEF602DA302CF006F76FD /* Frameworks */,
				406DEF612DA302CF006F76FD /* Resources */,
			);
			buildRules = (
			);
			dependencies = (
				406DEF652DA302CF006F76FD /* PBXTargetDependency */,
			);
			name = Desafio05UITests;
			productName = Desafio05UITests;
			productReference = 406DEF632DA302CF006F76FD /* Desafio05UITests.xctest */;
			productType = "com.apple.product-type.bundle.ui-testing";
		};
/* End PBXNativeTarget section */

/* Begin PBXProject section */
		406DEF412DA302CD006F76FD /* Project object */ = {
			isa = PBXProject;
			attributes = {
				BuildIndependentTargetsInParallel = 1;
				LastSwiftUpdateCheck = 1540;
				LastUpgradeCheck = 1540;
				TargetAttributes = {
					406DEF482DA302CD006F76FD = {
						CreatedOnToolsVersion = 15.4;
					};
					406DEF582DA302CF006F76FD = {
						CreatedOnToolsVersion = 15.4;
						TestTargetID = 406DEF482DA302CD006F76FD;
					};
					406DEF622DA302CF006F76FD = {
						CreatedOnToolsVersion = 15.4;
						TestTargetID = 406DEF482DA302CD006F76FD;
					};
				};
			};
			buildConfigurationList = 406DEF442DA302CD006F76FD /* Build configuration list for PBXProject "Desafio05" */;
			compatibilityVersion = "Xcode 14.0";
			developmentRegion = en;
			hasScannedForEncodings = 0;
			knownRegions = (
				en,
				Base,
			);
			mainGroup = 406DEF402DA302CD006F76FD;
			productRefGroup = 406DEF4A2DA302CD006F76FD /* Products */;
			projectDirPath = "";
			projectRoot = "";
			targets = (
				406DEF482DA302CD006F76FD /* Desafio05 */,
				406DEF582DA302CF006F76FD /* Desafio05Tests */,
				406DEF622DA302CF006F76FD /* Desafio05UITests */,
			);
		};
/* End PBXProject section */

/* Begin PBXResourcesBuildPhase section */
		406DEF472DA302CD006F76FD /* Resources */ = {
			isa = PBXResourcesBuildPhase;
			buildActionMask = 2147483647;
			files = (
				406DEF542DA302CF006F76FD /* Preview Assets.xcassets in Resources */,
				406DEF512DA302CF006F76FD /* Assets.xcassets in Resources */,
			);
			runOnlyForDeploymentPostprocessing = 0;
		};
		406DEF572DA302CF006F76FD /* Resources */ = {
			isa = PBXResourcesBuildPhase;
			buildActionMask = 2147483647;
			files = (
			);
			runOnlyForDeploymentPostprocessing = 0;
		};
		406DEF612DA302CF006F76FD /* Resources */ = {
			isa = PBXResourcesBuildPhase;
			buildActionMask = 2147483647;
			files = (
			);
			runOnlyForDeploymentPostprocessing = 0;
		};
/* End PBXResourcesBuildPhase section */

/* Begin PBXSourcesBuildPhase section */
		406DEF452DA302CD006F76FD /* Sources */ = {
			isa = PBXSourcesBuildPhase;
			buildActionMask = 2147483647;
			files = (
				406DEF792DA30595006F76FD /* azulView.swift in Sources */,
				406DEF4F2DA302CD006F76FD /* ContentView.swift in Sources */,
				406DEF4D2DA302CD006F76FD /* Desafio05App.swift in Sources */,
				406DEF772DA30339006F76FD /* rosaView.swift in Sources */,
				406DEF7B2DA306AD006F76FD /* cinzaView.swift in Sources */,
			);
			runOnlyForDeploymentPostprocessing = 0;
		};
		406DEF552DA302CF006F76FD /* Sources */ = {
			isa = PBXSourcesBuildPhase;
			buildActionMask = 2147483647;
			files = (
				406DEF5E2DA302CF006F76FD /* Desafio05Tests.swift in Sources */,
			);
			runOnlyForDeploymentPostprocessing = 0;
		};
		406DEF5F2DA302CF006F76FD /* Sources */ = {
			isa = PBXSourcesBuildPhase;
			buildActionMask = 2147483647;
			files = (
				406DEF682DA302CF006F76FD /* Desafio05UITests.swift in Sources */,
				406DEF6A2DA302CF006F76FD /* Desafio05UITestsLaunchTests.swift in Sources */,
			);
			runOnlyForDeploymentPostprocessing = 0;
		};
/* End PBXSourcesBuildPhase section */

/* Begin PBXTargetDependency section */
		406DEF5B2DA302CF006F76FD /* PBXTargetDependency */ = {
			isa = PBXTargetDependency;
			target = 406DEF482DA302CD006F76FD /* Desafio05 */;
			targetProxy = 406DEF5A2DA302CF006F76FD /* PBXContainerItemProxy */;
		};
		406DEF652DA302CF006F76FD /* PBXTargetDependency */ = {
			isa = PBXTargetDependency;
			target = 406DEF482DA302CD006F76FD /* Desafio05 */;
			targetProxy = 406DEF642DA302CF006F76FD /* PBXContainerItemProxy */;
		};
/* End PBXTargetDependency section */

/* Begin XCBuildConfiguration section */
		406DEF6B2DA302CF006F76FD /* Debug */ = {
			isa = XCBuildConfiguration;
			buildSettings = {
				ALWAYS_SEARCH_USER_PATHS = NO;
				ASSETCATALOG_COMPILER_GENERATE_SWIFT_ASSET_SYMBOL_EXTENSIONS = YES;
				CLANG_ANALYZER_NONNULL = YES;
				CLANG_ANALYZER_NUMBER_OBJECT_CONVERSION = YES_AGGRESSIVE;
				CLANG_CXX_LANGUAGE_STANDARD = "gnu++20";
				CLANG_ENABLE_MODULES = YES;
				CLANG_ENABLE_OBJC_ARC = YES;
				CLANG_ENABLE_OBJC_WEAK = YES;
				CLANG_WARN_BLOCK_CAPTURE_AUTORELEASING = YES;
				CLANG_WARN_BOOL_CONVERSION = YES;
				CLANG_WARN_COMMA = YES;
				CLANG_WARN_CONSTANT_CONVERSION = YES;
				CLANG_WARN_DEPRECATED_OBJC_IMPLEMENTATIONS = YES;
				CLANG_WARN_DIRECT_OBJC_ISA_USAGE = YES_ERROR;
				CLANG_WARN_DOCUMENTATION_COMMENTS = YES;
				CLANG_WARN_EMPTY_BODY = YES;
				CLANG_WARN_ENUM_CONVERSION = YES;
				CLANG_WARN_INFINITE_RECURSION = YES;
				CLANG_WARN_INT_CONVERSION = YES;
				CLANG_WARN_NON_LITERAL_NULL_CONVERSION = YES;
				CLANG_WARN_OBJC_IMPLICIT_RETAIN_SELF = YES;
				CLANG_WARN_OBJC_LITERAL_CONVERSION = YES;
				CLANG_WARN_OBJC_ROOT_CLASS = YES_ERROR;
				CLANG_WARN_QUOTED_INCLUDE_IN_FRAMEWORK_HEADER = YES;
				CLANG_WARN_RANGE_LOOP_ANALYSIS = YES;
				CLANG_WARN_STRICT_PROTOTYPES = YES;
				CLANG_WARN_SUSPICIOUS_MOVE = YES;
				CLANG_WARN_UNGUARDED_AVAILABILITY = YES_AGGRESSIVE;
				CLANG_WARN_UNREACHABLE_CODE = YES;
				CLANG_WARN__DUPLICATE_METHOD_MATCH = YES;
				COPY_PHASE_STRIP = NO;
				DEBUG_INFORMATION_FORMAT = dwarf;
				ENABLE_STRICT_OBJC_MSGSEND = YES;
				ENABLE_TESTABILITY = YES;
				ENABLE_USER_SCRIPT_SANDBOXING = YES;
				GCC_C_LANGUAGE_STANDARD = gnu17;
				GCC_DYNAMIC_NO_PIC = NO;
				GCC_NO_COMMON_BLOCKS = YES;
				GCC_OPTIMIZATION_LEVEL = 0;
				GCC_PREPROCESSOR_DEFINITIONS = (
					"DEBUG=1",
					"$(inherited)",
				);
				GCC_WARN_64_TO_32_BIT_CONVERSION = YES;
				GCC_WARN_ABOUT_RETURN_TYPE = YES_ERROR;
				GCC_WARN_UNDECLARED_SELECTOR = YES;
				GCC_WARN_UNINITIALIZED_AUTOS = YES_AGGRESSIVE;
				GCC_WARN_UNUSED_FUNCTION = YES;
				GCC_WARN_UNUSED_VARIABLE = YES;
				IPHONEOS_DEPLOYMENT_TARGET = 17.5;
				LOCALIZATION_PREFERS_STRING_CATALOGS = YES;
				MTL_ENABLE_DEBUG_INFO = INCLUDE_SOURCE;
				MTL_FAST_MATH = YES;
				ONLY_ACTIVE_ARCH = YES;
				SDKROOT = iphoneos;
				SWIFT_ACTIVE_COMPILATION_CONDITIONS = "DEBUG $(inherited)";
				SWIFT_OPTIMIZATION_LEVEL = "-Onone";
			};
			name = Debug;
		};
		406DEF6C2DA302CF006F76FD /* Release */ = {
			isa = XCBuildConfiguration;
			buildSettings = {
				ALWAYS_SEARCH_USER_PATHS = NO;
				ASSETCATALOG_COMPILER_GENERATE_SWIFT_ASSET_SYMBOL_EXTENSIONS = YES;
				CLANG_ANALYZER_NONNULL = YES;
				CLANG_ANALYZER_NUMBER_OBJECT_CONVERSION = YES_AGGRESSIVE;
				CLANG_CXX_LANGUAGE_STANDARD = "gnu++20";
				CLANG_ENABLE_MODULES = YES;
				CLANG_ENABLE_OBJC_ARC = YES;
				CLANG_ENABLE_OBJC_WEAK = YES;
				CLANG_WARN_BLOCK_CAPTURE_AUTORELEASING = YES;
				CLANG_WARN_BOOL_CONVERSION = YES;
				CLANG_WARN_COMMA = YES;
				CLANG_WARN_CONSTANT_CONVERSION = YES;
				CLANG_WARN_DEPRECATED_OBJC_IMPLEMENTATIONS = YES;
				CLANG_WARN_DIRECT_OBJC_ISA_USAGE = YES_ERROR;
				CLANG_WARN_DOCUMENTATION_COMMENTS = YES;
				CLANG_WARN_EMPTY_BODY = YES;
				CLANG_WARN_ENUM_CONVERSION = YES;
				CLANG_WARN_INFINITE_RECURSION = YES;
				CLANG_WARN_INT_CONVERSION = YES;
				CLANG_WARN_NON_LITERAL_NULL_CONVERSION = YES;
				CLANG_WARN_OBJC_IMPLICIT_RETAIN_SELF = YES;
				CLANG_WARN_OBJC_LITERAL_CONVERSION = YES;
				CLANG_WARN_OBJC_ROOT_CLASS = YES_ERROR;
				CLANG_WARN_QUOTED_INCLUDE_IN_FRAMEWORK_HEADER = YES;
				CLANG_WARN_RANGE_LOOP_ANALYSIS = YES;
				CLANG_WARN_STRICT_PROTOTYPES = YES;
				CLANG_WARN_SUSPICIOUS_MOVE = YES;
				CLANG_WARN_UNGUARDED_AVAILABILITY = YES_AGGRESSIVE;
				CLANG_WARN_UNREACHABLE_CODE = YES;
				CLANG_WARN__DUPLICATE_METHOD_MATCH = YES;
				COPY_PHASE_STRIP = NO;
				DEBUG_INFORMATION_FORMAT = "dwarf-with-dsym";
				ENABLE_NS_ASSERTIONS = NO;
				ENABLE_STRICT_OBJC_MSGSEND = YES;
				ENABLE_USER_SCRIPT_SANDBOXING = YES;
				GCC_C_LANGUAGE_STANDARD = gnu17;
				GCC_NO_COMMON_BLOCKS = YES;
				GCC_WARN_64_TO_32_BIT_CONVERSION = YES;
				GCC_WARN_ABOUT_RETURN_TYPE = YES_ERROR;
				GCC_WARN_UNDECLARED_SELECTOR = YES;
				GCC_WARN_UNINITIALIZED_AUTOS = YES_AGGRESSIVE;
				GCC_WARN_UNUSED_FUNCTION = YES;
				GCC_WARN_UNUSED_VARIABLE = YES;
				IPHONEOS_DEPLOYMENT_TARGET = 17.5;
				LOCALIZATION_PREFERS_STRING_CATALOGS = YES;
				MTL_ENABLE_DEBUG_INFO = NO;
				MTL_FAST_MATH = YES;
				SDKROOT = iphoneos;
				SWIFT_COMPILATION_MODE = wholemodule;
				VALIDATE_PRODUCT = YES;
			};
			name = Release;
		};
		406DEF6E2DA302CF006F76FD /* Debug */ = {
			isa = XCBuildConfiguration;
			buildSettings = {
				ASSETCATALOG_COMPILER_APPICON_NAME = AppIcon;
				ASSETCATALOG_COMPILER_GLOBAL_ACCENT_COLOR_NAME = AccentColor;
				CODE_SIGN_STYLE = Automatic;
				CURRENT_PROJECT_VERSION = 1;
				DEVELOPMENT_ASSET_PATHS = "\"Desafio05/Preview Content\"";
				ENABLE_PREVIEWS = YES;
				GENERATE_INFOPLIST_FILE = YES;
				INFOPLIST_KEY_UIApplicationSceneManifest_Generation = YES;
				INFOPLIST_KEY_UIApplicationSupportsIndirectInputEvents = YES;
				INFOPLIST_KEY_UILaunchScreen_Generation = YES;
				INFOPLIST_KEY_UISupportedInterfaceOrientations_iPad = "UIInterfaceOrientationPortrait UIInterfaceOrientationPortraitUpsideDown UIInterfaceOrientationLandscapeLeft UIInterfaceOrientationLandscapeRight";
				INFOPLIST_KEY_UISupportedInterfaceOrientations_iPhone = "UIInterfaceOrientationPortrait UIInterfaceOrientationLandscapeLeft UIInterfaceOrientationLandscapeRight";
				LD_RUNPATH_SEARCH_PATHS = (
					"$(inherited)",
					"@executable_path/Frameworks",
				);
				MARKETING_VERSION = 1.0;
				PRODUCT_BUNDLE_IDENTIFIER = igor.amaral.Desafio05;
				PRODUCT_NAME = "$(TARGET_NAME)";
				SWIFT_EMIT_LOC_STRINGS = YES;
				SWIFT_VERSION = 5.0;
				TARGETED_DEVICE_FAMILY = "1,2";
			};
			name = Debug;
		};
		406DEF6F2DA302CF006F76FD /* Release */ = {
			isa = XCBuildConfiguration;
			buildSettings = {
				ASSETCATALOG_COMPILER_APPICON_NAME = AppIcon;
				ASSETCATALOG_COMPILER_GLOBAL_ACCENT_COLOR_NAME = AccentColor;
				CODE_SIGN_STYLE = Automatic;
				CURRENT_PROJECT_VERSION = 1;
				DEVELOPMENT_ASSET_PATHS = "\"Desafio05/Preview Content\"";
				ENABLE_PREVIEWS = YES;
				GENERATE_INFOPLIST_FILE = YES;
				INFOPLIST_KEY_UIApplicationSceneManifest_Generation = YES;
				INFOPLIST_KEY_UIApplicationSupportsIndirectInputEvents = YES;
				INFOPLIST_KEY_UILaunchScreen_Generation = YES;
				INFOPLIST_KEY_UISupportedInterfaceOrientations_iPad = "UIInterfaceOrientationPortrait UIInterfaceOrientationPortraitUpsideDown UIInterfaceOrientationLandscapeLeft UIInterfaceOrientationLandscapeRight";
				INFOPLIST_KEY_UISupportedInterfaceOrientations_iPhone = "UIInterfaceOrientationPortrait UIInterfaceOrientationLandscapeLeft UIInterfaceOrientationLandscapeRight";
				LD_RUNPATH_SEARCH_PATHS = (
					"$(inherited)",
					"@executable_path/Frameworks",
				);
				MARKETING_VERSION = 1.0;
				PRODUCT_BUNDLE_IDENTIFIER = igor.amaral.Desafio05;
				PRODUCT_NAME = "$(TARGET_NAME)";
				SWIFT_EMIT_LOC_STRINGS = YES;
				SWIFT_VERSION = 5.0;
				TARGETED_DEVICE_FAMILY = "1,2";
			};
			name = Release;
		};
		406DEF712DA302CF006F76FD /* Debug */ = {
			isa = XCBuildConfiguration;
			buildSettings = {
				ALWAYS_EMBED_SWIFT_STANDARD_LIBRARIES = YES;
				BUNDLE_LOADER = "$(TEST_HOST)";
				CODE_SIGN_STYLE = Automatic;
				CURRENT_PROJECT_VERSION = 1;
				GENERATE_INFOPLIST_FILE = YES;
				IPHONEOS_DEPLOYMENT_TARGET = 17.5;
				MARKETING_VERSION = 1.0;
				PRODUCT_BUNDLE_IDENTIFIER = igor.amaral.Desafio05Tests;
				PRODUCT_NAME = "$(TARGET_NAME)";
				SWIFT_EMIT_LOC_STRINGS = NO;
				SWIFT_VERSION = 5.0;
				TARGETED_DEVICE_FAMILY = "1,2";
				TEST_HOST = "$(BUILT_PRODUCTS_DIR)/Desafio05.app/$(BUNDLE_EXECUTABLE_FOLDER_PATH)/Desafio05";
			};
			name = Debug;
		};
		406DEF722DA302CF006F76FD /* Release */ = {
			isa = XCBuildConfiguration;
			buildSettings = {
				ALWAYS_EMBED_SWIFT_STANDARD_LIBRARIES = YES;
				BUNDLE_LOADER = "$(TEST_HOST)";
				CODE_SIGN_STYLE = Automatic;
				CURRENT_PROJECT_VERSION = 1;
				GENERATE_INFOPLIST_FILE = YES;
				IPHONEOS_DEPLOYMENT_TARGET = 17.5;
				MARKETING_VERSION = 1.0;
				PRODUCT_BUNDLE_IDENTIFIER = igor.amaral.Desafio05Tests;
				PRODUCT_NAME = "$(TARGET_NAME)";
				SWIFT_EMIT_LOC_STRINGS = NO;
				SWIFT_VERSION = 5.0;
				TARGETED_DEVICE_FAMILY = "1,2";
				TEST_HOST = "$(BUILT_PRODUCTS_DIR)/Desafio05.app/$(BUNDLE_EXECUTABLE_FOLDER_PATH)/Desafio05";
			};
			name = Release;
		};
		406DEF742DA302CF006F76FD /* Debug */ = {
			isa = XCBuildConfiguration;
			buildSettings = {
				ALWAYS_EMBED_SWIFT_STANDARD_LIBRARIES = YES;
				CODE_SIGN_STYLE = Automatic;
				CURRENT_PROJECT_VERSION = 1;
				GENERATE_INFOPLIST_FILE = YES;
				MARKETING_VERSION = 1.0;
				PRODUCT_BUNDLE_IDENTIFIER = igor.amaral.Desafio05UITests;
				PRODUCT_NAME = "$(TARGET_NAME)";
				SWIFT_EMIT_LOC_STRINGS = NO;
				SWIFT_VERSION = 5.0;
				TARGETED_DEVICE_FAMILY = "1,2";
				TEST_TARGET_NAME = Desafio05;
			};
			name = Debug;
		};
		406DEF752DA302CF006F76FD /* Release */ = {
			isa = XCBuildConfiguration;
			buildSettings = {
				ALWAYS_EMBED_SWIFT_STANDARD_LIBRARIES = YES;
				CODE_SIGN_STYLE = Automatic;
				CURRENT_PROJECT_VERSION = 1;
				GENERATE_INFOPLIST_FILE = YES;
				MARKETING_VERSION = 1.0;
				PRODUCT_BUNDLE_IDENTIFIER = igor.amaral.Desafio05UITests;
				PRODUCT_NAME = "$(TARGET_NAME)";
				SWIFT_EMIT_LOC_STRINGS = NO;
				SWIFT_VERSION = 5.0;
				TARGETED_DEVICE_FAMILY = "1,2";
				TEST_TARGET_NAME = Desafio05;
			};
			name = Release;
		};
/* End XCBuildConfiguration section */

/* Begin XCConfigurationList section */
		406DEF442DA302CD006F76FD /* Build configuration list for PBXProject "Desafio05" */ = {
			isa = XCConfigurationList;
			buildConfigurations = (
				406DEF6B2DA302CF006F76FD /* Debug */,
				406DEF6C2DA302CF006F76FD /* Release */,
			);
			defaultConfigurationIsVisible = 0;
			defaultConfigurationName = Release;
		};
		406DEF6D2DA302CF006F76FD /* Build configuration list for PBXNativeTarget "Desafio05" */ = {
			isa = XCConfigurationList;
			buildConfigurations = (
				406DEF6E2DA302CF006F76FD /* Debug */,
				406DEF6F2DA302CF006F76FD /* Release */,
			);
			defaultConfigurationIsVisible = 0;
			defaultConfigurationName = Release;
		};
		406DEF702DA302CF006F76FD /* Build configuration list for PBXNativeTarget "Desafio05Tests" */ = {
			isa = XCConfigurationList;
			buildConfigurations = (
				406DEF712DA302CF006F76FD /* Debug */,
				406DEF722DA302CF006F76FD /* Release */,
			);
			defaultConfigurationIsVisible = 0;
			defaultConfigurationName = Release;
		};
		406DEF732DA302CF006F76FD /* Build configuration list for PBXNativeTarget "Desafio05UITests" */ = {
			isa = XCConfigurationList;
			buildConfigurations = (
				406DEF742DA302CF006F76FD /* Debug */,
				406DEF752DA302CF006F76FD /* Release */,
			);
			defaultConfigurationIsVisible = 0;
			defaultConfigurationName = Release;
		};
/* End XCConfigurationList section */
	};
	rootObject = 406DEF412DA302CD006F76FD /* Project object */;
}
